{
  "name": "@samvv/reflex-chrome-extension",
  "version": "1.0.0",
  "lockfileVersion": 3,
  "requires": true,
  "packages": {
    "": {
      "name": "@samvv/reflex-chrome-extension",
      "version": "1.0.0",
      "license": "MIT",
      "devDependencies": {
        "chrome-types": "^0.1.190",
        "typescript": "^5.0.4"
      }
    },
    "node_modules/chrome-types": {
      "version": "0.1.190",
      "resolved": "https://registry.npmjs.org/chrome-types/-/chrome-types-0.1.190.tgz",
      "integrity": "sha512-1zDz0S3BUMUzOMUCIcJaE7O0Z9orglQIRx9+Rt56WDTQ2FwqoXgnWxtXe3gEM7EsU0P5F9tG+kXI00nP4+CSpw==",
      "dev": true
    },
    "node_modules/typescript": {
      "version": "5.0.4",
      "resolved": "https://registry.npmjs.org/typescript/-/typescript-5.0.4.tgz",
      "integrity": "sha512-cW9T5W9xY37cc+jfEnaUvX91foxtHkza3Nw3wkoF4sSlKn0MONdkdEndig/qPBWXNkmplh3NzayQzCiHM4/hqw==",
      "dev": true,
      "bin": {
        "tsc": "bin/tsc",
        "tsserver": "bin/tsserver"
      },
      "engines": {
        "node": ">=12.20"
      }
    }
  }
}
